
Microsoft Visual Studio Solution File, Format Version 12.00
# Visual Studio Version 17
VisualStudioVersion = 17.12.35527.113
MinimumVisualStudioVersion = 10.0.40219.1
Project("{2150E333-8FDC-42A3-9474-1A3956D46DE8}") = "Services", "Services", "{FD891898-736C-4615-ABF7-EBE0DBE79BCB}"
EndProject
Project("{2150E333-8FDC-42A3-9474-1A3956D46DE8}") = "Catalog", "Catalog", "{20DCDF62-7291-4C95-80AB-F1E605785ED2}"
EndProject
Project("{FAE04EC0-301F-11D3-BF4B-00C04F79EFBC}") = "Catalog.API", "Services\Catalog\Catalog.API\Catalog.API.csproj", "{198728CF-DD48-42D2-8327-581463888B48}"
EndProject
Project("{2150E333-8FDC-42A3-9474-1A3956D46DE8}") = "BuildingBlocks", "BuildingBlocks", "{7AB78820-A6FD-4105-A7C8-D56635B40312}"
EndProject
Project("{FAE04EC0-301F-11D3-BF4B-00C04F79EFBC}") = "BuildingBlocks", "BuildingBlocks\BuildingBlocks\BuildingBlocks.csproj", "{06790DAA-9195-4E82-B6FD-7863CF158EC8}"
EndProject
Project("{E53339B2-1760-4266-BCC7-CA923CBCF16C}") = "docker-compose", "docker-compose.dcproj", "{A3F601D2-477B-4F27-9C74-7F7C2626104E}"
EndProject
Project("{2150E333-8FDC-42A3-9474-1A3956D46DE8}") = "Basket", "Basket", "{9C05C538-DDED-4D2D-975A-28F401B0B49E}"
EndProject
Project("{FAE04EC0-301F-11D3-BF4B-00C04F79EFBC}") = "Basket.API", "Services\Basket\Basket.API\Basket.API.csproj", "{1957E14A-71F4-4FBD-9441-A853403EE0B1}"
EndProject
Project("{2150E333-8FDC-42A3-9474-1A3956D46DE8}") = "Discount", "Discount", "{8F3F31B9-02FC-4F97-BCA7-36E0732D08F7}"
EndProject
Project("{FAE04EC0-301F-11D3-BF4B-00C04F79EFBC}") = "Discount.Grpc", "Services\Discount\Discount.Grpc\Discount.Grpc.csproj", "{BA180FC1-F204-4486-BC10-0459DCDE4375}"
EndProject
Project("{2150E333-8FDC-42A3-9474-1A3956D46DE8}") = "Ordering", "Ordering", "{E1046BBC-BB7C-4B90-B6EF-B9D17E19D96A}"
EndProject
Project("{FAE04EC0-301F-11D3-BF4B-00C04F79EFBC}") = "Ordering.API", "Services\Ordering\Ordering.API\Ordering.API.csproj", "{CB23AB7E-A790-49D0-B42E-18C67AB92D91}"
EndProject
Project("{FAE04EC0-301F-11D3-BF4B-00C04F79EFBC}") = "Ordering.Domain", "Services\Ordering\Ordering.Domain\Ordering.Domain.csproj", "{C6DB8259-4019-4746-B6E4-FD83F94232E4}"
EndProject
Project("{FAE04EC0-301F-11D3-BF4B-00C04F79EFBC}") = "Ordering.Application", "Services\Ordering\Ordering.Application\Ordering.Application.csproj", "{1CEF7E17-8710-4A05-BF35-D8794516A41E}"
EndProject
Project("{FAE04EC0-301F-11D3-BF4B-00C04F79EFBC}") = "Ordering.Infrastructure", "Services\Ordering\Ordering.Infrastructure\Ordering.Infrastructure.csproj", "{D1EA377B-4AF0-4341-A0E9-34CE7C55AFA9}"
EndProject
Project("{FAE04EC0-301F-11D3-BF4B-00C04F79EFBC}") = "BuildingBlocks.Messaging", "BuildingBlocks\BuildingBlocks.Messaging\BuildingBlocks.Messaging.csproj", "{310C9E9F-ED16-43EE-A6EF-5856C0A8F2B1}"
EndProject
Global
	GlobalSection(SolutionConfigurationPlatforms) = preSolution
		Debug|Any CPU = Debug|Any CPU
		Release|Any CPU = Release|Any CPU
	EndGlobalSection
	GlobalSection(ProjectConfigurationPlatforms) = postSolution
		{198728CF-DD48-42D2-8327-581463888B48}.Debug|Any CPU.ActiveCfg = Debug|Any CPU
		{198728CF-DD48-42D2-8327-581463888B48}.Debug|Any CPU.Build.0 = Debug|Any CPU
		{198728CF-DD48-42D2-8327-581463888B48}.Release|Any CPU.ActiveCfg = Release|Any CPU
		{198728CF-DD48-42D2-8327-581463888B48}.Release|Any CPU.Build.0 = Release|Any CPU
		{06790DAA-9195-4E82-B6FD-7863CF158EC8}.Debug|Any CPU.ActiveCfg = Debug|Any CPU
		{06790DAA-9195-4E82-B6FD-7863CF158EC8}.Debug|Any CPU.Build.0 = Debug|Any CPU
		{06790DAA-9195-4E82-B6FD-7863CF158EC8}.Release|Any CPU.ActiveCfg = Release|Any CPU
		{06790DAA-9195-4E82-B6FD-7863CF158EC8}.Release|Any CPU.Build.0 = Release|Any CPU
		{A3F601D2-477B-4F27-9C74-7F7C2626104E}.Debug|Any CPU.ActiveCfg = Debug|Any CPU
		{A3F601D2-477B-4F27-9C74-7F7C2626104E}.Debug|Any CPU.Build.0 = Debug|Any CPU
		{A3F601D2-477B-4F27-9C74-7F7C2626104E}.Release|Any CPU.ActiveCfg = Release|Any CPU
		{A3F601D2-477B-4F27-9C74-7F7C2626104E}.Release|Any CPU.Build.0 = Release|Any CPU
		{1957E14A-71F4-4FBD-9441-A853403EE0B1}.Debug|Any CPU.ActiveCfg = Debug|Any CPU
		{1957E14A-71F4-4FBD-9441-A853403EE0B1}.Debug|Any CPU.Build.0 = Debug|Any CPU
		{1957E14A-71F4-4FBD-9441-A853403EE0B1}.Release|Any CPU.ActiveCfg = Release|Any CPU
		{1957E14A-71F4-4FBD-9441-A853403EE0B1}.Release|Any CPU.Build.0 = Release|Any CPU
		{BA180FC1-F204-4486-BC10-0459DCDE4375}.Debug|Any CPU.ActiveCfg = Debug|Any CPU
		{BA180FC1-F204-4486-BC10-0459DCDE4375}.Debug|Any CPU.Build.0 = Debug|Any CPU
		{BA180FC1-F204-4486-BC10-0459DCDE4375}.Release|Any CPU.ActiveCfg = Release|Any CPU
		{BA180FC1-F204-4486-BC10-0459DCDE4375}.Release|Any CPU.Build.0 = Release|Any CPU
		{CB23AB7E-A790-49D0-B42E-18C67AB92D91}.Debug|Any CPU.ActiveCfg = Debug|Any CPU
		{CB23AB7E-A790-49D0-B42E-18C67AB92D91}.Debug|Any CPU.Build.0 = Debug|Any CPU
		{CB23AB7E-A790-49D0-B42E-18C67AB92D91}.Release|Any CPU.ActiveCfg = Release|Any CPU
		{CB23AB7E-A790-49D0-B42E-18C67AB92D91}.Release|Any CPU.Build.0 = Release|Any CPU
		{C6DB8259-4019-4746-B6E4-FD83F94232E4}.Debug|Any CPU.ActiveCfg = Debug|Any CPU
		{C6DB8259-4019-4746-B6E4-FD83F94232E4}.Debug|Any CPU.Build.0 = Debug|Any CPU
		{C6DB8259-4019-4746-B6E4-FD83F94232E4}.Release|Any CPU.ActiveCfg = Release|Any CPU
		{C6DB8259-4019-4746-B6E4-FD83F94232E4}.Release|Any CPU.Build.0 = Release|Any CPU
		{1CEF7E17-8710-4A05-BF35-D8794516A41E}.Debug|Any CPU.ActiveCfg = Debug|Any CPU
		{1CEF7E17-8710-4A05-BF35-D8794516A41E}.Debug|Any CPU.Build.0 = Debug|Any CPU
		{1CEF7E17-8710-4A05-BF35-D8794516A41E}.Release|Any CPU.ActiveCfg = Release|Any CPU
		{1CEF7E17-8710-4A05-BF35-D8794516A41E}.Release|Any CPU.Build.0 = Release|Any CPU
		{D1EA377B-4AF0-4341-A0E9-34CE7C55AFA9}.Debug|Any CPU.ActiveCfg = Debug|Any CPU
		{D1EA377B-4AF0-4341-A0E9-34CE7C55AFA9}.Debug|Any CPU.Build.0 = Debug|Any CPU
		{D1EA377B-4AF0-4341-A0E9-34CE7C55AFA9}.Release|Any CPU.ActiveCfg = Release|Any CPU
		{D1EA377B-4AF0-4341-A0E9-34CE7C55AFA9}.Release|Any CPU.Build.0 = Release|Any CPU
		{310C9E9F-ED16-43EE-A6EF-5856C0A8F2B1}.Debug|Any CPU.ActiveCfg = Debug|Any CPU
		{310C9E9F-ED16-43EE-A6EF-5856C0A8F2B1}.Debug|Any CPU.Build.0 = Debug|Any CPU
		{310C9E9F-ED16-43EE-A6EF-5856C0A8F2B1}.Release|Any CPU.ActiveCfg = Release|Any CPU
		{310C9E9F-ED16-43EE-A6EF-5856C0A8F2B1}.Release|Any CPU.Build.0 = Release|Any CPU
	EndGlobalSection
	GlobalSection(SolutionProperties) = preSolution
		HideSolutionNode = FALSE
	EndGlobalSection
	GlobalSection(NestedProjects) = preSolution
		{20DCDF62-7291-4C95-80AB-F1E605785ED2} = {FD891898-736C-4615-ABF7-EBE0DBE79BCB}
		{198728CF-DD48-42D2-8327-581463888B48} = {20DCDF62-7291-4C95-80AB-F1E605785ED2}
		{06790DAA-9195-4E82-B6FD-7863CF158EC8} = {7AB78820-A6FD-4105-A7C8-D56635B40312}
		{9C05C538-DDED-4D2D-975A-28F401B0B49E} = {FD891898-736C-4615-ABF7-EBE0DBE79BCB}
		{1957E14A-71F4-4FBD-9441-A853403EE0B1} = {9C05C538-DDED-4D2D-975A-28F401B0B49E}
		{8F3F31B9-02FC-4F97-BCA7-36E0732D08F7} = {FD891898-736C-4615-ABF7-EBE0DBE79BCB}
		{BA180FC1-F204-4486-BC10-0459DCDE4375} = {8F3F31B9-02FC-4F97-BCA7-36E0732D08F7}
		{E1046BBC-BB7C-4B90-B6EF-B9D17E19D96A} = {FD891898-736C-4615-ABF7-EBE0DBE79BCB}
		{CB23AB7E-A790-49D0-B42E-18C67AB92D91} = {E1046BBC-BB7C-4B90-B6EF-B9D17E19D96A}
		{C6DB8259-4019-4746-B6E4-FD83F94232E4} = {E1046BBC-BB7C-4B90-B6EF-B9D17E19D96A}
		{1CEF7E17-8710-4A05-BF35-D8794516A41E} = {E1046BBC-BB7C-4B90-B6EF-B9D17E19D96A}
		{D1EA377B-4AF0-4341-A0E9-34CE7C55AFA9} = {E1046BBC-BB7C-4B90-B6EF-B9D17E19D96A}
		{310C9E9F-ED16-43EE-A6EF-5856C0A8F2B1} = {7AB78820-A6FD-4105-A7C8-D56635B40312}
	EndGlobalSection
EndGlobal
